// !$*UTF8*$!
{
	archiveVersion = 1;
	classes = {
	};
	objectVersion = 50;
	objects = {

/* Begin PBXBuildFile section */
		2B2A043222D0618C00CBB1D0 /* Invitations.mp3 in Resources */ = {isa = PBXBuildFile; fileRef = 2B2A043122D0618C00CBB1D0 /* Invitations.mp3 */; };
		2B2A043422D0621F00CBB1D0 /* When Love Breaks Down.mp3 in Resources */ = {isa = PBXBuildFile; fileRef = 2B2A043322D0621F00CBB1D0 /* When Love Breaks Down.mp3 */; };
		2B5D970822D0F84800655CE7 /* Feelings of Sentimentality Due to Getting Curved.mp3 in Resources */ = {isa = PBXBuildFile; fileRef = 2B5D970722D0F84700655CE7 /* Feelings of Sentimentality Due to Getting Curved.mp3 */; };
		2B9B905B22AD6D270027874A /* AppDelegate.swift in Sources */ = {isa = PBXBuildFile; fileRef = 2B9B905A22AD6D270027874A /* AppDelegate.swift */; };
		2B9B905D22AD6D270027874A /* ViewController.swift in Sources */ = {isa = PBXBuildFile; fileRef = 2B9B905C22AD6D270027874A /* ViewController.swift */; };
		2B9B906022AD6D270027874A /* Main.storyboard in Resources */ = {isa = PBXBuildFile; fileRef = 2B9B905E22AD6D270027874A /* Main.storyboard */; };
		2B9B906222AD6D290027874A /* Assets.xcassets in Resources */ = {isa = PBXBuildFile; fileRef = 2B9B906122AD6D290027874A /* Assets.xcassets */; };
		2B9B906522AD6D290027874A /* LaunchScreen.storyboard in Resources */ = {isa = PBXBuildFile; fileRef = 2B9B906322AD6D290027874A /* LaunchScreen.storyboard */; };
		2B9B907422ADBF8F0027874A /* CustomSlider.swift in Sources */ = {isa = PBXBuildFile; fileRef = 2B9B907322ADBF8F0027874A /* CustomSlider.swift */; };
		2B9B909022AE0F530027874A /* Fiona Coyne.mp3 in Resources */ = {isa = PBXBuildFile; fileRef = 2B9B908B22AE0F520027874A /* Fiona Coyne.mp3 */; };
		2B9B909122AE0F530027874A /* Movies.mp3 in Resources */ = {isa = PBXBuildFile; fileRef = 2B9B908C22AE0F520027874A /* Movies.mp3 */; };
		2B9B909222AE0F530027874A /* Letting Go.mp3 in Resources */ = {isa = PBXBuildFile; fileRef = 2B9B908D22AE0F520027874A /* Letting Go.mp3 */; };
		2B9B909322AE0F530027874A /* Fantasy.mp3 in Resources */ = {isa = PBXBuildFile; fileRef = 2B9B908E22AE0F520027874A /* Fantasy.mp3 */; };
		2B9B909422AE0F530027874A /* Oh No Oh Yes.mp3 in Resources */ = {isa = PBXBuildFile; fileRef = 2B9B908F22AE0F520027874A /* Oh No Oh Yes.mp3 */; };
		2B9B909822AE11080027874A /* I'll Be Your Girl.mp3 in Resources */ = {isa = PBXBuildFile; fileRef = 2B9B909522AE11070027874A /* I'll Be Your Girl.mp3 */; };
		2B9B909922AE11080027874A /* Julien.mp3 in Resources */ = {isa = PBXBuildFile; fileRef = 2B9B909622AE11070027874A /* Julien.mp3 */; };
		2B9B909A22AE11080027874A /* Want You In My Room.mp3 in Resources */ = {isa = PBXBuildFile; fileRef = 2B9B909722AE11070027874A /* Want You In My Room.mp3 */; };
		2B9B90A022AE11D70027874A /* 夢の続き Yume No Tsuzuki.mp3 in Resources */ = {isa = PBXBuildFile; fileRef = 2B9B909D22AE11D70027874A /* 夢の続き Yume No Tsuzuki.mp3 */; };
		2B9B90AC22AE134D0027874A /* Time Of Our Lives.mp3 in Resources */ = {isa = PBXBuildFile; fileRef = 2B9B90A222AE134D0027874A /* Time Of Our Lives.mp3 */; };
		2B9B90AE22AE134D0027874A /* The Sound.mp3 in Resources */ = {isa = PBXBuildFile; fileRef = 2B9B90A422AE134D0027874A /* The Sound.mp3 */; };
		2B9B90B022AE134D0027874A /* We Own The Night.mp3 in Resources */ = {isa = PBXBuildFile; fileRef = 2B9B90A622AE134D0027874A /* We Own The Night.mp3 */; };
		2B9B90B122AE134D0027874A /* Bennie And The Jets.mp3 in Resources */ = {isa = PBXBuildFile; fileRef = 2B9B90A722AE134D0027874A /* Bennie And The Jets.mp3 */; };
		2B9B90B222AE134D0027874A /* Everybody Wants To Rule The World.mp3 in Resources */ = {isa = PBXBuildFile; fileRef = 2B9B90A822AE134D0027874A /* Everybody Wants To Rule The World.mp3 */; };
		2B9B90B422AE134D0027874A /* UGH!.mp3 in Resources */ = {isa = PBXBuildFile; fileRef = 2B9B90AA22AE134D0027874A /* UGH!.mp3 */; };
		2B9B90D322AE90270027874A /* Chocolate.mp3 in Resources */ = {isa = PBXBuildFile; fileRef = 2B9B90CD22AE90260027874A /* Chocolate.mp3 */; };
		2B9B90D422AE90270027874A /* Young Robot.mp3 in Resources */ = {isa = PBXBuildFile; fileRef = 2B9B90CE22AE90260027874A /* Young Robot.mp3 */; };
		2B9B90D522AE90270027874A /* Heart Out.mp3 in Resources */ = {isa = PBXBuildFile; fileRef = 2B9B90CF22AE90270027874A /* Heart Out.mp3 */; };
		2B9B90D622AE90270027874A /* Settle Down.mp3 in Resources */ = {isa = PBXBuildFile; fileRef = 2B9B90D022AE90270027874A /* Settle Down.mp3 */; };
		2B9B90D722AE90270027874A /* Summertime Gladness.mp3 in Resources */ = {isa = PBXBuildFile; fileRef = 2B9B90D122AE90270027874A /* Summertime Gladness.mp3 */; };
		2B9B90D822AE90270027874A /* Son Of Robot.mp3 in Resources */ = {isa = PBXBuildFile; fileRef = 2B9B90D222AE90270027874A /* Son Of Robot.mp3 */; };
		2B9B911222AF2FF70027874A /* SongViewController.swift in Sources */ = {isa = PBXBuildFile; fileRef = 2B9B911122AF2FF70027874A /* SongViewController.swift */; };
		2B9B911422AF31E00027874A /* Spanish Bay.mp3 in Resources */ = {isa = PBXBuildFile; fileRef = 2B9B911322AF31DF0027874A /* Spanish Bay.mp3 */; };
		2B9B911622AF320C0027874A /* Midnight Pretenders.mp3 in Resources */ = {isa = PBXBuildFile; fileRef = 2B9B911522AF320C0027874A /* Midnight Pretenders.mp3 */; };
		2B9B911822AF321E0027874A /* First Kiss.mp3 in Resources */ = {isa = PBXBuildFile; fileRef = 2B9B911722AF321D0027874A /* First Kiss.mp3 */; };
		2B9B911A22AF41BB0027874A /* SongTableViewCell.swift in Sources */ = {isa = PBXBuildFile; fileRef = 2B9B911922AF41BB0027874A /* SongTableViewCell.swift */; };
		2B9B912022B08E090027874A /* You Know How It Is.mp3 in Resources */ = {isa = PBXBuildFile; fileRef = 2B9B911B22B08E080027874A /* You Know How It Is.mp3 */; };
		2B9B912122B08E090027874A /* Time Today.mp3 in Resources */ = {isa = PBXBuildFile; fileRef = 2B9B911C22B08E080027874A /* Time Today.mp3 */; };
		2B9B912222B08E090027874A /* Trampoline.mp3 in Resources */ = {isa = PBXBuildFile; fileRef = 2B9B911D22B08E090027874A /* Trampoline.mp3 */; };
		2B9B912322B08E090027874A /* Fish Bowl.mp3 in Resources */ = {isa = PBXBuildFile; fileRef = 2B9B911E22B08E090027874A /* Fish Bowl.mp3 */; };
		2B9B912422B08E090027874A /* Picture This.mp3 in Resources */ = {isa = PBXBuildFile; fileRef = 2B9B911F22B08E090027874A /* Picture This.mp3 */; };
		2BD08C8722BE95AE00282C25 /* Maniac.mp3 in Resources */ = {isa = PBXBuildFile; fileRef = 2BD08C8622BE95AE00282C25 /* Maniac.mp3 */; };
		2BD08C8922BE95CE00282C25 /* Avalanche.mp3 in Resources */ = {isa = PBXBuildFile; fileRef = 2BD08C8822BE95CE00282C25 /* Avalanche.mp3 */; };
		2BD08C8E22BE974E00282C25 /* Portugal.mp3 in Resources */ = {isa = PBXBuildFile; fileRef = 2BD08C8A22BE974E00282C25 /* Portugal.mp3 */; };
		2BD08C8F22BE974E00282C25 /* Tightrope.mp3 in Resources */ = {isa = PBXBuildFile; fileRef = 2BD08C8B22BE974E00282C25 /* Tightrope.mp3 */; };
		2BD08C9022BE974E00282C25 /* Lisa Baby.mp3 in Resources */ = {isa = PBXBuildFile; fileRef = 2BD08C8C22BE974E00282C25 /* Lisa Baby.mp3 */; };
		2BD08C9122BE974E00282C25 /* Shiver Shiver.mp3 in Resources */ = {isa = PBXBuildFile; fileRef = 2BD08C8D22BE974E00282C25 /* Shiver Shiver.mp3 */; };
		2BE0E7C622BB0FDA000221D4 /* Undercover Martyn.mp3 in Resources */ = {isa = PBXBuildFile; fileRef = 2BE0E7C522BB0FD9000221D4 /* Undercover Martyn.mp3 */; };
		2BE0E7C822BB0FE5000221D4 /* Dreaming.mp3 in Resources */ = {isa = PBXBuildFile; fileRef = 2BE0E7C722BB0FE5000221D4 /* Dreaming.mp3 */; };
		2BE0E7CA22BB1165000221D4 /* What You Know.mp3 in Resources */ = {isa = PBXBuildFile; fileRef = 2BE0E7C922BB1165000221D4 /* What You Know.mp3 */; };
		2BE0E7D322BD15DF000221D4 /* Panini.mp3 in Resources */ = {isa = PBXBuildFile; fileRef = 2BE0E7D122BD15DF000221D4 /* Panini.mp3 */; };
		2BE0E7D422BD15DF000221D4 /* All Alone.mp3 in Resources */ = {isa = PBXBuildFile; fileRef = 2BE0E7D222BD15DF000221D4 /* All Alone.mp3 */; };
		2BE1FA8B22C0050C00DBA1D7 /* Treasure.mp3 in Resources */ = {isa = PBXBuildFile; fileRef = 2BE1FA8A22C0050C00DBA1D7 /* Treasure.mp3 */; };
		2BE1FA8D22C0051500DBA1D7 /* Reach Out.mp3 in Resources */ = {isa = PBXBuildFile; fileRef = 2BE1FA8C22C0051400DBA1D7 /* Reach Out.mp3 */; };
		2BE7A8AD22C847640032F1C0 /* AudioPlayer.swift in Sources */ = {isa = PBXBuildFile; fileRef = 2BE7A8AC22C847640032F1C0 /* AudioPlayer.swift */; };
		2BE7A8B022C924C40032F1C0 /* Chiclete Com Banana.mp3 in Resources */ = {isa = PBXBuildFile; fileRef = 2BE7A8AE22C924C40032F1C0 /* Chiclete Com Banana.mp3 */; };
		2BE7A8B522C925110032F1C0 /* Germaine.mp3 in Resources */ = {isa = PBXBuildFile; fileRef = 2BE7A8B422C925110032F1C0 /* Germaine.mp3 */; };
		2BE7A8B722CE8C450032F1C0 /* Ma Quale Idea.mp3 in Resources */ = {isa = PBXBuildFile; fileRef = 2BE7A8B622CE8C440032F1C0 /* Ma Quale Idea.mp3 */; };
		2BE7A8B922CE8C760032F1C0 /* Automatically In Love.mp3 in Resources */ = {isa = PBXBuildFile; fileRef = 2BE7A8B822CE8C760032F1C0 /* Automatically In Love.mp3 */; };
		2BE7A8BB22CE8CA40032F1C0 /* Now That I Found You.mp3 in Resources */ = {isa = PBXBuildFile; fileRef = 2BE7A8BA22CE8CA40032F1C0 /* Now That I Found You.mp3 */; };
		2BEC3F2322BF2A4100AEEFED /* C7osure.mp3 in Resources */ = {isa = PBXBuildFile; fileRef = 2BEC3F2222BF2A4100AEEFED /* C7osure.mp3 */; };
		2BF53B6D22B4889B00ECAE8E /* Sanctuary.mp3 in Resources */ = {isa = PBXBuildFile; fileRef = 2BF53B6C22B4889A00ECAE8E /* Sanctuary.mp3 */; };
		2BF53BB322B48EF600ECAE8E /* Make Believe.mp3 in Resources */ = {isa = PBXBuildFile; fileRef = 2BF53BAC22B48EF600ECAE8E /* Make Believe.mp3 */; };
		2BF53BB422B48EF600ECAE8E /* Big City.mp3 in Resources */ = {isa = PBXBuildFile; fileRef = 2BF53BAD22B48EF600ECAE8E /* Big City.mp3 */; };
		2BF53BB622B48EF600ECAE8E /* Better.mp3 in Resources */ = {isa = PBXBuildFile; fileRef = 2BF53BAF22B48EF600ECAE8E /* Better.mp3 */; };
		2BF53BB722B48EF600ECAE8E /* 4EVER.mp3 in Resources */ = {isa = PBXBuildFile; fileRef = 2BF53BB022B48EF600ECAE8E /* 4EVER.mp3 */; };
		2BF53BB822B48EF600ECAE8E /* Buttercup.mp3 in Resources */ = {isa = PBXBuildFile; fileRef = 2BF53BB122B48EF600ECAE8E /* Buttercup.mp3 */; };
		2BF53BB922B48EF600ECAE8E /* B.O.M.D..mp3 in Resources */ = {isa = PBXBuildFile; fileRef = 2BF53BB222B48EF600ECAE8E /* B.O.M.D..mp3 */; };
		2BF53BC422B4901600ECAE8E /* Flyway.mp3 in Resources */ = {isa = PBXBuildFile; fileRef = 2BF53BC322B4901600ECAE8E /* Flyway.mp3 */; };
		2BF53BD022B55CBE00ECAE8E /* Lets Get Lost.mp3 in Resources */ = {isa = PBXBuildFile; fileRef = 2BF53BC522B55CBC00ECAE8E /* Lets Get Lost.mp3 */; };
		2BF53BD122B55CBE00ECAE8E /* Love Again.mp3 in Resources */ = {isa = PBXBuildFile; fileRef = 2BF53BC622B55CBC00ECAE8E /* Love Again.mp3 */; };
		2BF53BD222B55CBE00ECAE8E /* Never Get to Hold You.mp3 in Resources */ = {isa = PBXBuildFile; fileRef = 2BF53BC722B55CBC00ECAE8E /* Never Get to Hold You.mp3 */; };
		2BF53BD422B55CBE00ECAE8E /* Making The Most Of The Night.mp3 in Resources */ = {isa = PBXBuildFile; fileRef = 2BF53BC922B55CBC00ECAE8E /* Making The Most Of The Night.mp3 */; };
		2BF53BD622B55CBE00ECAE8E /* Hard Times.mp3 in Resources */ = {isa = PBXBuildFile; fileRef = 2BF53BCB22B55CBD00ECAE8E /* Hard Times.mp3 */; };
		2BF53BD722B55CBE00ECAE8E /* Run Away With Me.mp3 in Resources */ = {isa = PBXBuildFile; fileRef = 2BF53BCC22B55CBD00ECAE8E /* Run Away With Me.mp3 */; };
		2BF53BDA22B55CBE00ECAE8E /* Ain't It Fun.mp3 in Resources */ = {isa = PBXBuildFile; fileRef = 2BF53BCF22B55CBE00ECAE8E /* Ain't It Fun.mp3 */; };
		2BF53BDC22B5E1A900ECAE8E /* Caught In The Middle.mp3 in Resources */ = {isa = PBXBuildFile; fileRef = 2BF53BDB22B5E1A900ECAE8E /* Caught In The Middle.mp3 */; };
		2BF53BDE22B5E1CA00ECAE8E /* Rose-Colored Boy.mp3 in Resources */ = {isa = PBXBuildFile; fileRef = 2BF53BDD22B5E1CA00ECAE8E /* Rose-Colored Boy.mp3 */; };
		2BF53BE022B5E1E200ECAE8E /* She's American.mp3 in Resources */ = {isa = PBXBuildFile; fileRef = 2BF53BDF22B5E1E200ECAE8E /* She's American.mp3 */; };
		2BF53BE222B6992300ECAE8E /* Stay By Me.mp3 in Resources */ = {isa = PBXBuildFile; fileRef = 2BF53BE122B6992300ECAE8E /* Stay By Me.mp3 */; };
		2BF53BE422B69B8B00ECAE8E /* Portable Radio.mp3 in Resources */ = {isa = PBXBuildFile; fileRef = 2BF53BE322B69B8B00ECAE8E /* Portable Radio.mp3 */; };
		2BF53BE622B69DB400ECAE8E /* Fall In Love With Me.mp3 in Resources */ = {isa = PBXBuildFile; fileRef = 2BF53BE522B69DB400ECAE8E /* Fall In Love With Me.mp3 */; };
		2BF53BE822B6A2CB00ECAE8E /* The Sun.mp3 in Resources */ = {isa = PBXBuildFile; fileRef = 2BF53BE722B6A2CB00ECAE8E /* The Sun.mp3 */; };
		2BF53BEA22B6A47400ECAE8E /* Get Down Saturday Night.mp3 in Resources */ = {isa = PBXBuildFile; fileRef = 2BF53BE922B6A47400ECAE8E /* Get Down Saturday Night.mp3 */; };
		2BF53BEC22B6C05100ECAE8E /* Everyone Acts Crazy Nowadays.mp3 in Resources */ = {isa = PBXBuildFile; fileRef = 2BF53BEB22B6C05100ECAE8E /* Everyone Acts Crazy Nowadays.mp3 */; };
		2BF53BEE22B8552300ECAE8E /* The Glitzy Hive.mp3 in Resources */ = {isa = PBXBuildFile; fileRef = 2BF53BED22B8552300ECAE8E /* The Glitzy Hive.mp3 */; };
		2BF53BF022B85EC600ECAE8E /* Wait a Minute!.mp3 in Resources */ = {isa = PBXBuildFile; fileRef = 2BF53BEF22B85EC600ECAE8E /* Wait a Minute!.mp3 */; };
		2BF7CA8A22C44BC400313A63 /* Tints.mp3 in Resources */ = {isa = PBXBuildFile; fileRef = 2BF7CA8922C44BC400313A63 /* Tints.mp3 */; };
		2BFF376522C1B8AC0061CA4A /* Take Your Time (Do It Right).mp3 in Resources */ = {isa = PBXBuildFile; fileRef = 2BFF376422C1B8AC0061CA4A /* Take Your Time (Do It Right).mp3 */; };
/* End PBXBuildFile section */

/* Begin PBXFileReference section */
		2B2A043122D0618C00CBB1D0 /* Invitations.mp3 */ = {isa = PBXFileReference; lastKnownFileType = audio.mp3; path = Invitations.mp3; sourceTree = "<group>"; };
		2B2A043322D0621F00CBB1D0 /* When Love Breaks Down.mp3 */ = {isa = PBXFileReference; lastKnownFileType = audio.mp3; path = "When Love Breaks Down.mp3"; sourceTree = "<group>"; };
		2B5D970722D0F84700655CE7 /* Feelings of Sentimentality Due to Getting Curved.mp3 */ = {isa = PBXFileReference; lastKnownFileType = audio.mp3; path = "Feelings of Sentimentality Due to Getting Curved.mp3"; sourceTree = "<group>"; };
		2B9B905722AD6D270027874A /* Mixer.app */ = {isa = PBXFileReference; explicitFileType = wrapper.application; includeInIndex = 0; path = Mixer.app; sourceTree = BUILT_PRODUCTS_DIR; };
		2B9B905A22AD6D270027874A /* AppDelegate.swift */ = {isa = PBXFileReference; lastKnownFileType = sourcecode.swift; path = AppDelegate.swift; sourceTree = "<group>"; };
		2B9B905C22AD6D270027874A /* ViewController.swift */ = {isa = PBXFileReference; lastKnownFileType = sourcecode.swift; path = ViewController.swift; sourceTree = "<group>"; };
		2B9B905F22AD6D270027874A /* Base */ = {isa = PBXFileReference; lastKnownFileType = file.storyboard; name = Base; path = Base.lproj/Main.storyboard; sourceTree = "<group>"; };
		2B9B906122AD6D290027874A /* Assets.xcassets */ = {isa = PBXFileReference; lastKnownFileType = folder.assetcatalog; path = Assets.xcassets; sourceTree = "<group>"; };
		2B9B906422AD6D290027874A /* Base */ = {isa = PBXFileReference; lastKnownFileType = file.storyboard; name = Base; path = Base.lproj/LaunchScreen.storyboard; sourceTree = "<group>"; };
		2B9B906622AD6D290027874A /* Info.plist */ = {isa = PBXFileReference; lastKnownFileType = text.plist.xml; path = Info.plist; sourceTree = "<group>"; };
		2B9B907322ADBF8F0027874A /* CustomSlider.swift */ = {isa = PBXFileReference; lastKnownFileType = sourcecode.swift; path = CustomSlider.swift; sourceTree = "<group>"; };
		2B9B908B22AE0F520027874A /* Fiona Coyne.mp3 */ = {isa = PBXFileReference; lastKnownFileType = audio.mp3; path = "Fiona Coyne.mp3"; sourceTree = "<group>"; };
		2B9B908C22AE0F520027874A /* Movies.mp3 */ = {isa = PBXFileReference; lastKnownFileType = audio.mp3; path = Movies.mp3; sourceTree = "<group>"; };
		2B9B908D22AE0F520027874A /* Letting Go.mp3 */ = {isa = PBXFileReference; lastKnownFileType = audio.mp3; path = "Letting Go.mp3"; sourceTree = "<group>"; };
		2B9B908E22AE0F520027874A /* Fantasy.mp3 */ = {isa = PBXFileReference; lastKnownFileType = audio.mp3; path = Fantasy.mp3; sourceTree = "<group>"; };
		2B9B908F22AE0F520027874A /* Oh No Oh Yes.mp3 */ = {isa = PBXFileReference; lastKnownFileType = audio.mp3; path = "Oh No Oh Yes.mp3"; sourceTree = "<group>"; };
		2B9B909522AE11070027874A /* I'll Be Your Girl.mp3 */ = {isa = PBXFileReference; lastKnownFileType = audio.mp3; path = "I'll Be Your Girl.mp3"; sourceTree = "<group>"; };
		2B9B909622AE11070027874A /* Julien.mp3 */ = {isa = PBXFileReference; lastKnownFileType = audio.mp3; path = Julien.mp3; sourceTree = "<group>"; };
		2B9B909722AE11070027874A /* Want You In My Room.mp3 */ = {isa = PBXFileReference; lastKnownFileType = audio.mp3; path = "Want You In My Room.mp3"; sourceTree = "<group>"; };
		2B9B909D22AE11D70027874A /* 夢の続き Yume No Tsuzuki.mp3 */ = {isa = PBXFileReference; lastKnownFileType = audio.mp3; path = "夢の続き Yume No Tsuzuki.mp3"; sourceTree = "<group>"; };
		2B9B90A222AE134D0027874A /* Time Of Our Lives.mp3 */ = {isa = PBXFileReference; lastKnownFileType = audio.mp3; path = "Time Of Our Lives.mp3"; sourceTree = "<group>"; };
		2B9B90A422AE134D0027874A /* The Sound.mp3 */ = {isa = PBXFileReference; lastKnownFileType = audio.mp3; path = "The Sound.mp3"; sourceTree = "<group>"; };
		2B9B90A622AE134D0027874A /* We Own The Night.mp3 */ = {isa = PBXFileReference; lastKnownFileType = audio.mp3; path = "We Own The Night.mp3"; sourceTree = "<group>"; };
		2B9B90A722AE134D0027874A /* Bennie And The Jets.mp3 */ = {isa = PBXFileReference; lastKnownFileType = audio.mp3; path = "Bennie And The Jets.mp3"; sourceTree = "<group>"; };
		2B9B90A822AE134D0027874A /* Everybody Wants To Rule The World.mp3 */ = {isa = PBXFileReference; lastKnownFileType = audio.mp3; path = "Everybody Wants To Rule The World.mp3"; sourceTree = "<group>"; };
		2B9B90AA22AE134D0027874A /* UGH!.mp3 */ = {isa = PBXFileReference; lastKnownFileType = audio.mp3; path = "UGH!.mp3"; sourceTree = "<group>"; };
		2B9B90CD22AE90260027874A /* Chocolate.mp3 */ = {isa = PBXFileReference; lastKnownFileType = audio.mp3; path = Chocolate.mp3; sourceTree = "<group>"; };
		2B9B90CE22AE90260027874A /* Young Robot.mp3 */ = {isa = PBXFileReference; lastKnownFileType = audio.mp3; path = "Young Robot.mp3"; sourceTree = "<group>"; };
		2B9B90CF22AE90270027874A /* Heart Out.mp3 */ = {isa = PBXFileReference; lastKnownFileType = audio.mp3; path = "Heart Out.mp3"; sourceTree = "<group>"; };
		2B9B90D022AE90270027874A /* Settle Down.mp3 */ = {isa = PBXFileReference; lastKnownFileType = audio.mp3; path = "Settle Down.mp3"; sourceTree = "<group>"; };
		2B9B90D122AE90270027874A /* Summertime Gladness.mp3 */ = {isa = PBXFileReference; lastKnownFileType = audio.mp3; path = "Summertime Gladness.mp3"; sourceTree = "<group>"; };
		2B9B90D222AE90270027874A /* Son Of Robot.mp3 */ = {isa = PBXFileReference; lastKnownFileType = audio.mp3; path = "Son Of Robot.mp3"; sourceTree = "<group>"; };
		2B9B911122AF2FF70027874A /* SongViewController.swift */ = {isa = PBXFileReference; lastKnownFileType = sourcecode.swift; path = SongViewController.swift; sourceTree = "<group>"; };
		2B9B911322AF31DF0027874A /* Spanish Bay.mp3 */ = {isa = PBXFileReference; lastKnownFileType = audio.mp3; path = "Spanish Bay.mp3"; sourceTree = "<group>"; };
		2B9B911522AF320C0027874A /* Midnight Pretenders.mp3 */ = {isa = PBXFileReference; lastKnownFileType = audio.mp3; path = "Midnight Pretenders.mp3"; sourceTree = "<group>"; };
		2B9B911722AF321D0027874A /* First Kiss.mp3 */ = {isa = PBXFileReference; lastKnownFileType = audio.mp3; path = "First Kiss.mp3"; sourceTree = "<group>"; };
		2B9B911922AF41BB0027874A /* SongTableViewCell.swift */ = {isa = PBXFileReference; lastKnownFileType = sourcecode.swift; path = SongTableViewCell.swift; sourceTree = "<group>"; };
		2B9B911B22B08E080027874A /* You Know How It Is.mp3 */ = {isa = PBXFileReference; lastKnownFileType = audio.mp3; path = "You Know How It Is.mp3"; sourceTree = "<group>"; };
		2B9B911C22B08E080027874A /* Time Today.mp3 */ = {isa = PBXFileReference; lastKnownFileType = audio.mp3; path = "Time Today.mp3"; sourceTree = "<group>"; };
		2B9B911D22B08E090027874A /* Trampoline.mp3 */ = {isa = PBXFileReference; lastKnownFileType = audio.mp3; path = Trampoline.mp3; sourceTree = "<group>"; };
		2B9B911E22B08E090027874A /* Fish Bowl.mp3 */ = {isa = PBXFileReference; lastKnownFileType = audio.mp3; path = "Fish Bowl.mp3"; sourceTree = "<group>"; };
		2B9B911F22B08E090027874A /* Picture This.mp3 */ = {isa = PBXFileReference; lastKnownFileType = audio.mp3; path = "Picture This.mp3"; sourceTree = "<group>"; };
		2BD08C8622BE95AE00282C25 /* Maniac.mp3 */ = {isa = PBXFileReference; lastKnownFileType = audio.mp3; path = Maniac.mp3; sourceTree = "<group>"; };
		2BD08C8822BE95CE00282C25 /* Avalanche.mp3 */ = {isa = PBXFileReference; lastKnownFileType = audio.mp3; path = Avalanche.mp3; sourceTree = "<group>"; };
		2BD08C8A22BE974E00282C25 /* Portugal.mp3 */ = {isa = PBXFileReference; lastKnownFileType = audio.mp3; path = Portugal.mp3; sourceTree = "<group>"; };
		2BD08C8B22BE974E00282C25 /* Tightrope.mp3 */ = {isa = PBXFileReference; lastKnownFileType = audio.mp3; path = Tightrope.mp3; sourceTree = "<group>"; };
		2BD08C8C22BE974E00282C25 /* Lisa Baby.mp3 */ = {isa = PBXFileReference; lastKnownFileType = audio.mp3; path = "Lisa Baby.mp3"; sourceTree = "<group>"; };
		2BD08C8D22BE974E00282C25 /* Shiver Shiver.mp3 */ = {isa = PBXFileReference; lastKnownFileType = audio.mp3; path = "Shiver Shiver.mp3"; sourceTree = "<group>"; };
		2BE0E7C522BB0FD9000221D4 /* Undercover Martyn.mp3 */ = {isa = PBXFileReference; lastKnownFileType = audio.mp3; path = "Undercover Martyn.mp3"; sourceTree = "<group>"; };
		2BE0E7C722BB0FE5000221D4 /* Dreaming.mp3 */ = {isa = PBXFileReference; lastKnownFileType = audio.mp3; path = Dreaming.mp3; sourceTree = "<group>"; };
		2BE0E7C922BB1165000221D4 /* What You Know.mp3 */ = {isa = PBXFileReference; lastKnownFileType = audio.mp3; path = "What You Know.mp3"; sourceTree = "<group>"; };
		2BE0E7D122BD15DF000221D4 /* Panini.mp3 */ = {isa = PBXFileReference; lastKnownFileType = audio.mp3; path = Panini.mp3; sourceTree = "<group>"; };
		2BE0E7D222BD15DF000221D4 /* All Alone.mp3 */ = {isa = PBXFileReference; lastKnownFileType = audio.mp3; path = "All Alone.mp3"; sourceTree = "<group>"; };
		2BE1FA8A22C0050C00DBA1D7 /* Treasure.mp3 */ = {isa = PBXFileReference; lastKnownFileType = audio.mp3; path = Treasure.mp3; sourceTree = "<group>"; };
		2BE1FA8C22C0051400DBA1D7 /* Reach Out.mp3 */ = {isa = PBXFileReference; lastKnownFileType = audio.mp3; path = "Reach Out.mp3"; sourceTree = "<group>"; };
		2BE7A8AC22C847640032F1C0 /* AudioPlayer.swift */ = {isa = PBXFileReference; fileEncoding = 4; lastKnownFileType = sourcecode.swift; path = AudioPlayer.swift; sourceTree = "<group>"; };
		2BE7A8AE22C924C40032F1C0 /* Chiclete Com Banana.mp3 */ = {isa = PBXFileReference; lastKnownFileType = audio.mp3; path = "Chiclete Com Banana.mp3"; sourceTree = "<group>"; };
		2BE7A8B422C925110032F1C0 /* Germaine.mp3 */ = {isa = PBXFileReference; lastKnownFileType = audio.mp3; path = Germaine.mp3; sourceTree = "<group>"; };
		2BE7A8B622CE8C440032F1C0 /* Ma Quale Idea.mp3 */ = {isa = PBXFileReference; lastKnownFileType = audio.mp3; path = "Ma Quale Idea.mp3"; sourceTree = "<group>"; };
		2BE7A8B822CE8C760032F1C0 /* Automatically In Love.mp3 */ = {isa = PBXFileReference; lastKnownFileType = audio.mp3; path = "Automatically In Love.mp3"; sourceTree = "<group>"; };
		2BE7A8BA22CE8CA40032F1C0 /* Now That I Found You.mp3 */ = {isa = PBXFileReference; lastKnownFileType = audio.mp3; path = "Now That I Found You.mp3"; sourceTree = "<group>"; };
		2BEC3F2222BF2A4100AEEFED /* C7osure.mp3 */ = {isa = PBXFileReference; lastKnownFileType = audio.mp3; path = C7osure.mp3; sourceTree = "<group>"; };
		2BF53B6C22B4889A00ECAE8E /* Sanctuary.mp3 */ = {isa = PBXFileReference; lastKnownFileType = audio.mp3; path = Sanctuary.mp3; sourceTree = "<group>"; };
		2BF53BAC22B48EF600ECAE8E /* Make Believe.mp3 */ = {isa = PBXFileReference; lastKnownFileType = audio.mp3; path = "Make Believe.mp3"; sourceTree = "<group>"; };
		2BF53BAD22B48EF600ECAE8E /* Big City.mp3 */ = {isa = PBXFileReference; lastKnownFileType = audio.mp3; path = "Big City.mp3"; sourceTree = "<group>"; };
		2BF53BAF22B48EF600ECAE8E /* Better.mp3 */ = {isa = PBXFileReference; lastKnownFileType = audio.mp3; path = Better.mp3; sourceTree = "<group>"; };
		2BF53BB022B48EF600ECAE8E /* 4EVER.mp3 */ = {isa = PBXFileReference; lastKnownFileType = audio.mp3; path = 4EVER.mp3; sourceTree = "<group>"; };
		2BF53BB122B48EF600ECAE8E /* Buttercup.mp3 */ = {isa = PBXFileReference; lastKnownFileType = audio.mp3; path = Buttercup.mp3; sourceTree = "<group>"; };
		2BF53BB222B48EF600ECAE8E /* B.O.M.D..mp3 */ = {isa = PBXFileReference; lastKnownFileType = audio.mp3; path = B.O.M.D..mp3; sourceTree = "<group>"; };
		2BF53BC322B4901600ECAE8E /* Flyway.mp3 */ = {isa = PBXFileReference; lastKnownFileType = audio.mp3; path = Flyway.mp3; sourceTree = "<group>"; };
		2BF53BC522B55CBC00ECAE8E /* Lets Get Lost.mp3 */ = {isa = PBXFileReference; lastKnownFileType = audio.mp3; path = "Lets Get Lost.mp3"; sourceTree = "<group>"; };
		2BF53BC622B55CBC00ECAE8E /* Love Again.mp3 */ = {isa = PBXFileReference; lastKnownFileType = audio.mp3; path = "Love Again.mp3"; sourceTree = "<group>"; };
		2BF53BC722B55CBC00ECAE8E /* Never Get to Hold You.mp3 */ = {isa = PBXFileReference; lastKnownFileType = audio.mp3; path = "Never Get to Hold You.mp3"; sourceTree = "<group>"; };
		2BF53BC922B55CBC00ECAE8E /* Making The Most Of The Night.mp3 */ = {isa = PBXFileReference; lastKnownFileType = audio.mp3; path = "Making The Most Of The Night.mp3"; sourceTree = "<group>"; };
		2BF53BCB22B55CBD00ECAE8E /* Hard Times.mp3 */ = {isa = PBXFileReference; lastKnownFileType = audio.mp3; path = "Hard Times.mp3"; sourceTree = "<group>"; };
		2BF53BCC22B55CBD00ECAE8E /* Run Away With Me.mp3 */ = {isa = PBXFileReference; lastKnownFileType = audio.mp3; path = "Run Away With Me.mp3"; sourceTree = "<group>"; };
		2BF53BCF22B55CBE00ECAE8E /* Ain't It Fun.mp3 */ = {isa = PBXFileReference; lastKnownFileType = audio.mp3; path = "Ain't It Fun.mp3"; sourceTree = "<group>"; };
		2BF53BDB22B5E1A900ECAE8E /* Caught In The Middle.mp3 */ = {isa = PBXFileReference; lastKnownFileType = audio.mp3; path = "Caught In The Middle.mp3"; sourceTree = "<group>"; };
		2BF53BDD22B5E1CA00ECAE8E /* Rose-Colored Boy.mp3 */ = {isa = PBXFileReference; lastKnownFileType = audio.mp3; path = "Rose-Colored Boy.mp3"; sourceTree = "<group>"; };
		2BF53BDF22B5E1E200ECAE8E /* She's American.mp3 */ = {isa = PBXFileReference; lastKnownFileType = audio.mp3; path = "She's American.mp3"; sourceTree = "<group>"; };
		2BF53BE122B6992300ECAE8E /* Stay By Me.mp3 */ = {isa = PBXFileReference; lastKnownFileType = audio.mp3; path = "Stay By Me.mp3"; sourceTree = "<group>"; };
		2BF53BE322B69B8B00ECAE8E /* Portable Radio.mp3 */ = {isa = PBXFileReference; lastKnownFileType = audio.mp3; path = "Portable Radio.mp3"; sourceTree = "<group>"; };
		2BF53BE522B69DB400ECAE8E /* Fall In Love With Me.mp3 */ = {isa = PBXFileReference; lastKnownFileType = audio.mp3; path = "Fall In Love With Me.mp3"; sourceTree = "<group>"; };
		2BF53BE722B6A2CB00ECAE8E /* The Sun.mp3 */ = {isa = PBXFileReference; lastKnownFileType = audio.mp3; path = "The Sun.mp3"; sourceTree = "<group>"; };
		2BF53BE922B6A47400ECAE8E /* Get Down Saturday Night.mp3 */ = {isa = PBXFileReference; lastKnownFileType = audio.mp3; path = "Get Down Saturday Night.mp3"; sourceTree = "<group>"; };
		2BF53BEB22B6C05100ECAE8E /* Everyone Acts Crazy Nowadays.mp3 */ = {isa = PBXFileReference; lastKnownFileType = audio.mp3; path = "Everyone Acts Crazy Nowadays.mp3"; sourceTree = "<group>"; };
		2BF53BED22B8552300ECAE8E /* The Glitzy Hive.mp3 */ = {isa = PBXFileReference; lastKnownFileType = audio.mp3; path = "The Glitzy Hive.mp3"; sourceTree = "<group>"; };
		2BF53BEF22B85EC600ECAE8E /* Wait a Minute!.mp3 */ = {isa = PBXFileReference; lastKnownFileType = audio.mp3; path = "Wait a Minute!.mp3"; sourceTree = "<group>"; };
		2BF7CA8922C44BC400313A63 /* Tints.mp3 */ = {isa = PBXFileReference; lastKnownFileType = audio.mp3; path = Tints.mp3; sourceTree = "<group>"; };
		2BFF376422C1B8AC0061CA4A /* Take Your Time (Do It Right).mp3 */ = {isa = PBXFileReference; lastKnownFileType = audio.mp3; path = "Take Your Time (Do It Right).mp3"; sourceTree = "<group>"; };
/* End PBXFileReference section */

/* Begin PBXFrameworksBuildPhase section */
		2B9B905422AD6D270027874A /* Frameworks */ = {
			isa = PBXFrameworksBuildPhase;
			buildActionMask = 2147483647;
			files = (
			);
			runOnlyForDeploymentPostprocessing = 0;
		};
/* End PBXFrameworksBuildPhase section */

/* Begin PBXGroup section */
		2B9B904E22AD6D270027874A = {
			isa = PBXGroup;
			children = (
				2B9B905922AD6D270027874A /* Mixer */,
				2B9B905822AD6D270027874A /* Products */,
			);
			sourceTree = "<group>";
		};
		2B9B905822AD6D270027874A /* Products */ = {
			isa = PBXGroup;
			children = (
				2B9B905722AD6D270027874A /* Mixer.app */,
			);
			name = Products;
			sourceTree = "<group>";
		};
		2B9B905922AD6D270027874A /* Mixer */ = {
			isa = PBXGroup;
			children = (
				2B9B905A22AD6D270027874A /* AppDelegate.swift */,
				2B9B907322ADBF8F0027874A /* CustomSlider.swift */,
				2BE7A8AC22C847640032F1C0 /* AudioPlayer.swift */,
				2B9B905C22AD6D270027874A /* ViewController.swift */,
				2B9B911122AF2FF70027874A /* SongViewController.swift */,
				2B9B911922AF41BB0027874A /* SongTableViewCell.swift */,
				2B9B905E22AD6D270027874A /* Main.storyboard */,
				2B9B906122AD6D290027874A /* Assets.xcassets */,
				2B9B906322AD6D290027874A /* LaunchScreen.storyboard */,
				2B9B906C22AD6E6B0027874A /* Audio */,
				2B9B906622AD6D290027874A /* Info.plist */,
			);
			path = Mixer;
			sourceTree = "<group>";
		};
		2B9B906C22AD6E6B0027874A /* Audio */ = {
			isa = PBXGroup;
			children = (
				2B5D970722D0F84700655CE7 /* Feelings of Sentimentality Due to Getting Curved.mp3 */,
				2B2A043322D0621F00CBB1D0 /* When Love Breaks Down.mp3 */,
				2B2A043122D0618C00CBB1D0 /* Invitations.mp3 */,
				2BE7A8BA22CE8CA40032F1C0 /* Now That I Found You.mp3 */,
				2BE7A8B822CE8C760032F1C0 /* Automatically In Love.mp3 */,
				2BE7A8B622CE8C440032F1C0 /* Ma Quale Idea.mp3 */,
				2BE7A8B422C925110032F1C0 /* Germaine.mp3 */,
				2BE7A8AE22C924C40032F1C0 /* Chiclete Com Banana.mp3 */,
				2BF7CA8922C44BC400313A63 /* Tints.mp3 */,
				2BFF376422C1B8AC0061CA4A /* Take Your Time (Do It Right).mp3 */,
				2BE1FA8C22C0051400DBA1D7 /* Reach Out.mp3 */,
				2BE1FA8A22C0050C00DBA1D7 /* Treasure.mp3 */,
				2BEC3F2222BF2A4100AEEFED /* C7osure.mp3 */,
				2BD08C8C22BE974E00282C25 /* Lisa Baby.mp3 */,
				2BD08C8A22BE974E00282C25 /* Portugal.mp3 */,
				2BD08C8D22BE974E00282C25 /* Shiver Shiver.mp3 */,
				2BD08C8B22BE974E00282C25 /* Tightrope.mp3 */,
				2BD08C8822BE95CE00282C25 /* Avalanche.mp3 */,
				2BD08C8622BE95AE00282C25 /* Maniac.mp3 */,
				2BE0E7D222BD15DF000221D4 /* All Alone.mp3 */,
				2BE0E7D122BD15DF000221D4 /* Panini.mp3 */,
				2BE0E7C922BB1165000221D4 /* What You Know.mp3 */,
				2BE0E7C722BB0FE5000221D4 /* Dreaming.mp3 */,
				2BE0E7C522BB0FD9000221D4 /* Undercover Martyn.mp3 */,
				2BF53BEF22B85EC600ECAE8E /* Wait a Minute!.mp3 */,
				2BF53BED22B8552300ECAE8E /* The Glitzy Hive.mp3 */,
				2BF53BEB22B6C05100ECAE8E /* Everyone Acts Crazy Nowadays.mp3 */,
				2BF53BE922B6A47400ECAE8E /* Get Down Saturday Night.mp3 */,
				2BF53BE722B6A2CB00ECAE8E /* The Sun.mp3 */,
				2BF53BE522B69DB400ECAE8E /* Fall In Love With Me.mp3 */,
				2BF53BE322B69B8B00ECAE8E /* Portable Radio.mp3 */,
				2BF53BE122B6992300ECAE8E /* Stay By Me.mp3 */,
				2BF53BDF22B5E1E200ECAE8E /* She's American.mp3 */,
				2BF53BDD22B5E1CA00ECAE8E /* Rose-Colored Boy.mp3 */,
				2BF53BDB22B5E1A900ECAE8E /* Caught In The Middle.mp3 */,
				2BF53BCF22B55CBE00ECAE8E /* Ain't It Fun.mp3 */,
				2BF53BCB22B55CBD00ECAE8E /* Hard Times.mp3 */,
				2BF53BC522B55CBC00ECAE8E /* Lets Get Lost.mp3 */,
				2BF53BC622B55CBC00ECAE8E /* Love Again.mp3 */,
				2BF53BC922B55CBC00ECAE8E /* Making The Most Of The Night.mp3 */,
				2BF53BC722B55CBC00ECAE8E /* Never Get to Hold You.mp3 */,
				2BF53BCC22B55CBD00ECAE8E /* Run Away With Me.mp3 */,
				2BF53BC322B4901600ECAE8E /* Flyway.mp3 */,
				2BF53BB022B48EF600ECAE8E /* 4EVER.mp3 */,
				2BF53BB222B48EF600ECAE8E /* B.O.M.D..mp3 */,
				2BF53BAF22B48EF600ECAE8E /* Better.mp3 */,
				2BF53BAD22B48EF600ECAE8E /* Big City.mp3 */,
				2BF53BB122B48EF600ECAE8E /* Buttercup.mp3 */,
				2BF53BAC22B48EF600ECAE8E /* Make Believe.mp3 */,
				2BF53B6C22B4889A00ECAE8E /* Sanctuary.mp3 */,
				2B9B911E22B08E090027874A /* Fish Bowl.mp3 */,
				2B9B911F22B08E090027874A /* Picture This.mp3 */,
				2B9B911C22B08E080027874A /* Time Today.mp3 */,
				2B9B911D22B08E090027874A /* Trampoline.mp3 */,
				2B9B911B22B08E080027874A /* You Know How It Is.mp3 */,
				2B9B911722AF321D0027874A /* First Kiss.mp3 */,
				2B9B911522AF320C0027874A /* Midnight Pretenders.mp3 */,
				2B9B911322AF31DF0027874A /* Spanish Bay.mp3 */,
				2B9B90CD22AE90260027874A /* Chocolate.mp3 */,
				2B9B90CF22AE90270027874A /* Heart Out.mp3 */,
				2B9B90D022AE90270027874A /* Settle Down.mp3 */,
				2B9B90D222AE90270027874A /* Son Of Robot.mp3 */,
				2B9B90D122AE90270027874A /* Summertime Gladness.mp3 */,
				2B9B90CE22AE90260027874A /* Young Robot.mp3 */,
				2B9B90A722AE134D0027874A /* Bennie And The Jets.mp3 */,
				2B9B90A822AE134D0027874A /* Everybody Wants To Rule The World.mp3 */,
				2B9B90A422AE134D0027874A /* The Sound.mp3 */,
				2B9B90A222AE134D0027874A /* Time Of Our Lives.mp3 */,
				2B9B90AA22AE134D0027874A /* UGH!.mp3 */,
				2B9B90A622AE134D0027874A /* We Own The Night.mp3 */,
				2B9B909D22AE11D70027874A /* 夢の続き Yume No Tsuzuki.mp3 */,
				2B9B909522AE11070027874A /* I'll Be Your Girl.mp3 */,
				2B9B909622AE11070027874A /* Julien.mp3 */,
				2B9B909722AE11070027874A /* Want You In My Room.mp3 */,
				2B9B908E22AE0F520027874A /* Fantasy.mp3 */,
				2B9B908B22AE0F520027874A /* Fiona Coyne.mp3 */,
				2B9B908D22AE0F520027874A /* Letting Go.mp3 */,
				2B9B908C22AE0F520027874A /* Movies.mp3 */,
				2B9B908F22AE0F520027874A /* Oh No Oh Yes.mp3 */,
			);
			path = Audio;
			sourceTree = "<group>";
		};
/* End PBXGroup section */

/* Begin PBXNativeTarget section */
		2B9B905622AD6D270027874A /* Mixer */ = {
			isa = PBXNativeTarget;
			buildConfigurationList = 2B9B906922AD6D290027874A /* Build configuration list for PBXNativeTarget "Mixer" */;
			buildPhases = (
				2B9B905322AD6D270027874A /* Sources */,
				2B9B905422AD6D270027874A /* Frameworks */,
				2B9B905522AD6D270027874A /* Resources */,
			);
			buildRules = (
			);
			dependencies = (
			);
			name = Mixer;
			productName = Mixer;
			productReference = 2B9B905722AD6D270027874A /* Mixer.app */;
			productType = "com.apple.product-type.application";
		};
/* End PBXNativeTarget section */

/* Begin PBXProject section */
		2B9B904F22AD6D270027874A /* Project object */ = {
			isa = PBXProject;
			attributes = {
				LastSwiftUpdateCheck = 1020;
				LastUpgradeCheck = 1020;
				ORGANIZATIONNAME = Edward;
				TargetAttributes = {
					2B9B905622AD6D270027874A = {
						CreatedOnToolsVersion = 10.2.1;
						SystemCapabilities = {
							com.apple.BackgroundModes = {
								enabled = 1;
							};
						};
					};
				};
			};
			buildConfigurationList = 2B9B905222AD6D270027874A /* Build configuration list for PBXProject "Mixer" */;
			compatibilityVersion = "Xcode 9.3";
			developmentRegion = en;
			hasScannedForEncodings = 0;
			knownRegions = (
				en,
				Base,
			);
			mainGroup = 2B9B904E22AD6D270027874A;
			productRefGroup = 2B9B905822AD6D270027874A /* Products */;
			projectDirPath = "";
			projectRoot = "";
			targets = (
				2B9B905622AD6D270027874A /* Mixer */,
			);
		};
/* End PBXProject section */

/* Begin PBXResourcesBuildPhase section */
		2B9B905522AD6D270027874A /* Resources */ = {
			isa = PBXResourcesBuildPhase;
			buildActionMask = 2147483647;
			files = (
				2B5D970822D0F84800655CE7 /* Feelings of Sentimentality Due to Getting Curved.mp3 in Resources */,
				2BE0E7C822BB0FE5000221D4 /* Dreaming.mp3 in Resources */,
				2BF53BEA22B6A47400ECAE8E /* Get Down Saturday Night.mp3 in Resources */,
				2BE0E7D322BD15DF000221D4 /* Panini.mp3 in Resources */,
				2BF53BEE22B8552300ECAE8E /* The Glitzy Hive.mp3 in Resources */,
				2B9B90AC22AE134D0027874A /* Time Of Our Lives.mp3 in Resources */,
				2B9B90AE22AE134D0027874A /* The Sound.mp3 in Resources */,
				2BE1FA8D22C0051500DBA1D7 /* Reach Out.mp3 in Resources */,
				2BF53BD122B55CBE00ECAE8E /* Love Again.mp3 in Resources */,
				2B9B911822AF321E0027874A /* First Kiss.mp3 in Resources */,
				2B9B90B422AE134D0027874A /* UGH!.mp3 in Resources */,
				2BF53BB922B48EF600ECAE8E /* B.O.M.D..mp3 in Resources */,
				2B9B911622AF320C0027874A /* Midnight Pretenders.mp3 in Resources */,
				2B9B909022AE0F530027874A /* Fiona Coyne.mp3 in Resources */,
				2BF53BB322B48EF600ECAE8E /* Make Believe.mp3 in Resources */,
				2BF53BB622B48EF600ECAE8E /* Better.mp3 in Resources */,
				2BF53BEC22B6C05100ECAE8E /* Everyone Acts Crazy Nowadays.mp3 in Resources */,
				2B9B90A022AE11D70027874A /* 夢の続き Yume No Tsuzuki.mp3 in Resources */,
				2BE0E7CA22BB1165000221D4 /* What You Know.mp3 in Resources */,
				2BD08C8922BE95CE00282C25 /* Avalanche.mp3 in Resources */,
				2BD08C8722BE95AE00282C25 /* Maniac.mp3 in Resources */,
				2B9B90D422AE90270027874A /* Young Robot.mp3 in Resources */,
				2BF53BD222B55CBE00ECAE8E /* Never Get to Hold You.mp3 in Resources */,
				2B9B912022B08E090027874A /* You Know How It Is.mp3 in Resources */,
				2B9B912322B08E090027874A /* Fish Bowl.mp3 in Resources */,
				2BF53BB822B48EF600ECAE8E /* Buttercup.mp3 in Resources */,
				2BF53BE822B6A2CB00ECAE8E /* The Sun.mp3 in Resources */,
				2BE7A8B022C924C40032F1C0 /* Chiclete Com Banana.mp3 in Resources */,
				2BF53BDE22B5E1CA00ECAE8E /* Rose-Colored Boy.mp3 in Resources */,
				2BD08C9022BE974E00282C25 /* Lisa Baby.mp3 in Resources */,
				2BE1FA8B22C0050C00DBA1D7 /* Treasure.mp3 in Resources */,
				2BF53BDA22B55CBE00ECAE8E /* Ain't It Fun.mp3 in Resources */,
				2BE0E7C622BB0FDA000221D4 /* Undercover Martyn.mp3 in Resources */,
				2BD08C8E22BE974E00282C25 /* Portugal.mp3 in Resources */,
				2B9B90D322AE90270027874A /* Chocolate.mp3 in Resources */,
				2BE7A8B522C925110032F1C0 /* Germaine.mp3 in Resources */,
				2BE7A8B922CE8C760032F1C0 /* Automatically In Love.mp3 in Resources */,
				2BF53BE622B69DB400ECAE8E /* Fall In Love With Me.mp3 in Resources */,
				2B9B909222AE0F530027874A /* Letting Go.mp3 in Resources */,
				2B9B912222B08E090027874A /* Trampoline.mp3 in Resources */,
				2BFF376522C1B8AC0061CA4A /* Take Your Time (Do It Right).mp3 in Resources */,
				2B9B909A22AE11080027874A /* Want You In My Room.mp3 in Resources */,
				2BF53BB722B48EF600ECAE8E /* 4EVER.mp3 in Resources */,
				2B9B906522AD6D290027874A /* LaunchScreen.storyboard in Resources */,
				2BF53BD722B55CBE00ECAE8E /* Run Away With Me.mp3 in Resources */,
				2BF53BC422B4901600ECAE8E /* Flyway.mp3 in Resources */,
				2BF53BD422B55CBE00ECAE8E /* Making The Most Of The Night.mp3 in Resources */,
				2B9B909922AE11080027874A /* Julien.mp3 in Resources */,
				2B9B90B122AE134D0027874A /* Bennie And The Jets.mp3 in Resources */,
				2BF53BE222B6992300ECAE8E /* Stay By Me.mp3 in Resources */,
				2BE7A8BB22CE8CA40032F1C0 /* Now That I Found You.mp3 in Resources */,
				2B2A043422D0621F00CBB1D0 /* When Love Breaks Down.mp3 in Resources */,
				2B9B90D722AE90270027874A /* Summertime Gladness.mp3 in Resources */,
				2BD08C8F22BE974E00282C25 /* Tightrope.mp3 in Resources */,
				2B9B912122B08E090027874A /* Time Today.mp3 in Resources */,
				2BF53B6D22B4889B00ECAE8E /* Sanctuary.mp3 in Resources */,
				2B9B90D822AE90270027874A /* Son Of Robot.mp3 in Resources */,
				2B9B906222AD6D290027874A /* Assets.xcassets in Resources */,
				2BEC3F2322BF2A4100AEEFED /* C7osure.mp3 in Resources */,
				2BF53BE422B69B8B00ECAE8E /* Portable Radio.mp3 in Resources */,
				2B9B911422AF31E00027874A /* Spanish Bay.mp3 in Resources */,
				2BF7CA8A22C44BC400313A63 /* Tints.mp3 in Resources */,
				2B9B909822AE11080027874A /* I'll Be Your Girl.mp3 in Resources */,
				2BF53BDC22B5E1A900ECAE8E /* Caught In The Middle.mp3 in Resources */,
				2BF53BE022B5E1E200ECAE8E /* She's American.mp3 in Resources */,
				2BF53BF022B85EC600ECAE8E /* Wait a Minute!.mp3 in Resources */,
				2BE0E7D422BD15DF000221D4 /* All Alone.mp3 in Resources */,
				2BF53BB422B48EF600ECAE8E /* Big City.mp3 in Resources */,
				2B9B906022AD6D270027874A /* Main.storyboard in Resources */,
				2B9B909122AE0F530027874A /* Movies.mp3 in Resources */,
				2B9B909322AE0F530027874A /* Fantasy.mp3 in Resources */,
				2B2A043222D0618C00CBB1D0 /* Invitations.mp3 in Resources */,
				2B9B912422B08E090027874A /* Picture This.mp3 in Resources */,
				2B9B90B022AE134D0027874A /* We Own The Night.mp3 in Resources */,
				2BE7A8B722CE8C450032F1C0 /* Ma Quale Idea.mp3 in Resources */,
				2B9B90D522AE90270027874A /* Heart Out.mp3 in Resources */,
				2BF53BD622B55CBE00ECAE8E /* Hard Times.mp3 in Resources */,
				2B9B90B222AE134D0027874A /* Everybody Wants To Rule The World.mp3 in Resources */,
				2BF53BD022B55CBE00ECAE8E /* Lets Get Lost.mp3 in Resources */,
				2B9B90D622AE90270027874A /* Settle Down.mp3 in Resources */,
				2BD08C9122BE974E00282C25 /* Shiver Shiver.mp3 in Resources */,
				2B9B909422AE0F530027874A /* Oh No Oh Yes.mp3 in Resources */,
			);
			runOnlyForDeploymentPostprocessing = 0;
		};
/* End PBXResourcesBuildPhase section */

/* Begin PBXSourcesBuildPhase section */
		2B9B905322AD6D270027874A /* Sources */ = {
			isa = PBXSourcesBuildPhase;
			buildActionMask = 2147483647;
			files = (
				2B9B905D22AD6D270027874A /* ViewController.swift in Sources */,
				2B9B911222AF2FF70027874A /* SongViewController.swift in Sources */,
				2B9B911A22AF41BB0027874A /* SongTableViewCell.swift in Sources */,
				2B9B907422ADBF8F0027874A /* CustomSlider.swift in Sources */,
				2B9B905B22AD6D270027874A /* AppDelegate.swift in Sources */,
				2BE7A8AD22C847640032F1C0 /* AudioPlayer.swift in Sources */,
			);
			runOnlyForDeploymentPostprocessing = 0;
		};
/* End PBXSourcesBuildPhase section */

/* Begin PBXVariantGroup section */
		2B9B905E22AD6D270027874A /* Main.storyboard */ = {
			isa = PBXVariantGroup;
			children = (
				2B9B905F22AD6D270027874A /* Base */,
			);
			name = Main.storyboard;
			sourceTree = "<group>";
		};
		2B9B906322AD6D290027874A /* LaunchScreen.storyboard */ = {
			isa = PBXVariantGroup;
			children = (
				2B9B906422AD6D290027874A /* Base */,
			);
			name = LaunchScreen.storyboard;
			sourceTree = "<group>";
		};
/* End PBXVariantGroup section */

/* Begin XCBuildConfiguration section */
		2B9B906722AD6D290027874A /* Debug */ = {
			isa = XCBuildConfiguration;
			buildSettings = {
				ALWAYS_SEARCH_USER_PATHS = NO;
				CLANG_ANALYZER_NONNULL = YES;
				CLANG_ANALYZER_NUMBER_OBJECT_CONVERSION = YES_AGGRESSIVE;
				CLANG_CXX_LANGUAGE_STANDARD = "gnu++14";
				CLANG_CXX_LIBRARY = "libc++";
				CLANG_ENABLE_MODULES = YES;
				CLANG_ENABLE_OBJC_ARC = YES;
				CLANG_ENABLE_OBJC_WEAK = YES;
				CLANG_WARN_BLOCK_CAPTURE_AUTORELEASING = YES;
				CLANG_WARN_BOOL_CONVERSION = YES;
				CLANG_WARN_COMMA = YES;
				CLANG_WARN_CONSTANT_CONVERSION = YES;
				CLANG_WARN_DEPRECATED_OBJC_IMPLEMENTATIONS = YES;
				CLANG_WARN_DIRECT_OBJC_ISA_USAGE = YES_ERROR;
				CLANG_WARN_DOCUMENTATION_COMMENTS = YES;
				CLANG_WARN_EMPTY_BODY = YES;
				CLANG_WARN_ENUM_CONVERSION = YES;
				CLANG_WARN_INFINITE_RECURSION = YES;
				CLANG_WARN_INT_CONVERSION = YES;
				CLANG_WARN_NON_LITERAL_NULL_CONVERSION = YES;
				CLANG_WARN_OBJC_IMPLICIT_RETAIN_SELF = YES;
				CLANG_WARN_OBJC_LITERAL_CONVERSION = YES;
				CLANG_WARN_OBJC_ROOT_CLASS = YES_ERROR;
				CLANG_WARN_RANGE_LOOP_ANALYSIS = YES;
				CLANG_WARN_STRICT_PROTOTYPES = YES;
				CLANG_WARN_SUSPICIOUS_MOVE = YES;
				CLANG_WARN_UNGUARDED_AVAILABILITY = YES_AGGRESSIVE;
				CLANG_WARN_UNREACHABLE_CODE = YES;
				CLANG_WARN__DUPLICATE_METHOD_MATCH = YES;
				CODE_SIGN_IDENTITY = "iPhone Developer";
				COPY_PHASE_STRIP = NO;
				DEBUG_INFORMATION_FORMAT = dwarf;
				ENABLE_STRICT_OBJC_MSGSEND = YES;
				ENABLE_TESTABILITY = YES;
				GCC_C_LANGUAGE_STANDARD = gnu11;
				GCC_DYNAMIC_NO_PIC = NO;
				GCC_NO_COMMON_BLOCKS = YES;
				GCC_OPTIMIZATION_LEVEL = 0;
				GCC_PREPROCESSOR_DEFINITIONS = (
					"DEBUG=1",
					"$(inherited)",
				);
				GCC_WARN_64_TO_32_BIT_CONVERSION = YES;
				GCC_WARN_ABOUT_RETURN_TYPE = YES_ERROR;
				GCC_WARN_UNDECLARED_SELECTOR = YES;
				GCC_WARN_UNINITIALIZED_AUTOS = YES_AGGRESSIVE;
				GCC_WARN_UNUSED_FUNCTION = YES;
				GCC_WARN_UNUSED_VARIABLE = YES;
				IPHONEOS_DEPLOYMENT_TARGET = 12.2;
				MTL_ENABLE_DEBUG_INFO = INCLUDE_SOURCE;
				MTL_FAST_MATH = YES;
				ONLY_ACTIVE_ARCH = YES;
				SDKROOT = iphoneos;
				SWIFT_ACTIVE_COMPILATION_CONDITIONS = DEBUG;
				SWIFT_OPTIMIZATION_LEVEL = "-Onone";
			};
			name = Debug;
		};
		2B9B906822AD6D290027874A /* Release */ = {
			isa = XCBuildConfiguration;
			buildSettings = {
				ALWAYS_SEARCH_USER_PATHS = NO;
				CLANG_ANALYZER_NONNULL = YES;
				CLANG_ANALYZER_NUMBER_OBJECT_CONVERSION = YES_AGGRESSIVE;
				CLANG_CXX_LANGUAGE_STANDARD = "gnu++14";
				CLANG_CXX_LIBRARY = "libc++";
				CLANG_ENABLE_MODULES = YES;
				CLANG_ENABLE_OBJC_ARC = YES;
				CLANG_ENABLE_OBJC_WEAK = YES;
				CLANG_WARN_BLOCK_CAPTURE_AUTORELEASING = YES;
				CLANG_WARN_BOOL_CONVERSION = YES;
				CLANG_WARN_COMMA = YES;
				CLANG_WARN_CONSTANT_CONVERSION = YES;
				CLANG_WARN_DEPRECATED_OBJC_IMPLEMENTATIONS = YES;
				CLANG_WARN_DIRECT_OBJC_ISA_USAGE = YES_ERROR;
				CLANG_WARN_DOCUMENTATION_COMMENTS = YES;
				CLANG_WARN_EMPTY_BODY = YES;
				CLANG_WARN_ENUM_CONVERSION = YES;
				CLANG_WARN_INFINITE_RECURSION = YES;
				CLANG_WARN_INT_CONVERSION = YES;
				CLANG_WARN_NON_LITERAL_NULL_CONVERSION = YES;
				CLANG_WARN_OBJC_IMPLICIT_RETAIN_SELF = YES;
				CLANG_WARN_OBJC_LITERAL_CONVERSION = YES;
				CLANG_WARN_OBJC_ROOT_CLASS = YES_ERROR;
				CLANG_WARN_RANGE_LOOP_ANALYSIS = YES;
				CLANG_WARN_STRICT_PROTOTYPES = YES;
				CLANG_WARN_SUSPICIOUS_MOVE = YES;
				CLANG_WARN_UNGUARDED_AVAILABILITY = YES_AGGRESSIVE;
				CLANG_WARN_UNREACHABLE_CODE = YES;
				CLANG_WARN__DUPLICATE_METHOD_MATCH = YES;
				CODE_SIGN_IDENTITY = "iPhone Developer";
				COPY_PHASE_STRIP = NO;
				DEBUG_INFORMATION_FORMAT = "dwarf-with-dsym";
				ENABLE_NS_ASSERTIONS = NO;
				ENABLE_STRICT_OBJC_MSGSEND = YES;
				GCC_C_LANGUAGE_STANDARD = gnu11;
				GCC_NO_COMMON_BLOCKS = YES;
				GCC_WARN_64_TO_32_BIT_CONVERSION = YES;
				GCC_WARN_ABOUT_RETURN_TYPE = YES_ERROR;
				GCC_WARN_UNDECLARED_SELECTOR = YES;
				GCC_WARN_UNINITIALIZED_AUTOS = YES_AGGRESSIVE;
				GCC_WARN_UNUSED_FUNCTION = YES;
				GCC_WARN_UNUSED_VARIABLE = YES;
				IPHONEOS_DEPLOYMENT_TARGET = 12.2;
				MTL_ENABLE_DEBUG_INFO = NO;
				MTL_FAST_MATH = YES;
				SDKROOT = iphoneos;
				SWIFT_COMPILATION_MODE = wholemodule;
				SWIFT_OPTIMIZATION_LEVEL = "-O";
				VALIDATE_PRODUCT = YES;
			};
			name = Release;
		};
		2B9B906A22AD6D290027874A /* Debug */ = {
			isa = XCBuildConfiguration;
			buildSettings = {
				ASSETCATALOG_COMPILER_APPICON_NAME = AppIcon;
				CODE_SIGN_STYLE = Automatic;
				DEVELOPMENT_TEAM = LYJSRZED64;
				INFOPLIST_FILE = Mixer/Info.plist;
				IPHONEOS_DEPLOYMENT_TARGET = 12.0;
				LD_RUNPATH_SEARCH_PATHS = (
					"$(inherited)",
					"@executable_path/Frameworks",
				);
				PRODUCT_BUNDLE_IDENTIFIER = com.EdwardLu.Mixer;
				PRODUCT_NAME = "$(TARGET_NAME)";
				SWIFT_VERSION = 5.0;
				TARGETED_DEVICE_FAMILY = "1,2";
			};
			name = Debug;
		};
		2B9B906B22AD6D290027874A /* Release */ = {
			isa = XCBuildConfiguration;
			buildSettings = {
				ASSETCATALOG_COMPILER_APPICON_NAME = AppIcon;
				CODE_SIGN_STYLE = Automatic;
				DEVELOPMENT_TEAM = LYJSRZED64;
				INFOPLIST_FILE = Mixer/Info.plist;
				IPHONEOS_DEPLOYMENT_TARGET = 12.0;
				LD_RUNPATH_SEARCH_PATHS = (
					"$(inherited)",
					"@executable_path/Frameworks",
				);
				PRODUCT_BUNDLE_IDENTIFIER = com.EdwardLu.Mixer;
				PRODUCT_NAME = "$(TARGET_NAME)";
				SWIFT_VERSION = 5.0;
				TARGETED_DEVICE_FAMILY = "1,2";
			};
			name = Release;
		};
/* End XCBuildConfiguration section */

/* Begin XCConfigurationList section */
		2B9B905222AD6D270027874A /* Build configuration list for PBXProject "Mixer" */ = {
			isa = XCConfigurationList;
			buildConfigurations = (
				2B9B906722AD6D290027874A /* Debug */,
				2B9B906822AD6D290027874A /* Release */,
			);
			defaultConfigurationIsVisible = 0;
			defaultConfigurationName = Release;
		};
		2B9B906922AD6D290027874A /* Build configuration list for PBXNativeTarget "Mixer" */ = {
			isa = XCConfigurationList;
			buildConfigurations = (
				2B9B906A22AD6D290027874A /* Debug */,
				2B9B906B22AD6D290027874A /* Release */,
			);
			defaultConfigurationIsVisible = 0;
			defaultConfigurationName = Release;
		};
/* End XCConfigurationList section */
	};
	rootObject = 2B9B904F22AD6D270027874A /* Project object */;
}
