// !$*UTF8*$!
{
	archiveVersion = 1;
	classes = {
	};
	objectVersion = 50;
	objects = {

/* Begin PBXBuildFile section */
		2B9B905B22AD6D270027874A /* AppDelegate.swift in Sources */ = {isa = PBXBuildFile; fileRef = 2B9B905A22AD6D270027874A /* AppDelegate.swift */; };
		2B9B905D22AD6D270027874A /* ViewController.swift in Sources */ = {isa = PBXBuildFile; fileRef = 2B9B905C22AD6D270027874A /* ViewController.swift */; };
		2B9B906022AD6D270027874A /* Main.storyboard in Resources */ = {isa = PBXBuildFile; fileRef = 2B9B905E22AD6D270027874A /* Main.storyboard */; };
		2B9B906222AD6D290027874A /* Assets.xcassets in Resources */ = {isa = PBXBuildFile; fileRef = 2B9B906122AD6D290027874A /* Assets.xcassets */; };
		2B9B906522AD6D290027874A /* LaunchScreen.storyboard in Resources */ = {isa = PBXBuildFile; fileRef = 2B9B906322AD6D290027874A /* LaunchScreen.storyboard */; };
		2B9B907422ADBF8F0027874A /* CustomSlider.swift in Sources */ = {isa = PBXBuildFile; fileRef = 2B9B907322ADBF8F0027874A /* CustomSlider.swift */; };
		2B9B911222AF2FF70027874A /* SongViewController.swift in Sources */ = {isa = PBXBuildFile; fileRef = 2B9B911122AF2FF70027874A /* SongViewController.swift */; };
		2B9B911A22AF41BB0027874A /* SongTableViewCell.swift in Sources */ = {isa = PBXBuildFile; fileRef = 2B9B911922AF41BB0027874A /* SongTableViewCell.swift */; };
		2BE7A8AD22C847640032F1C0 /* AudioPlayer.swift in Sources */ = {isa = PBXBuildFile; fileRef = 2BE7A8AC22C847640032F1C0 /* AudioPlayer.swift */; };
		50F2680C5CEB8408A7D4F836 /* Pods_Mixer.framework in Frameworks */ = {isa = PBXBuildFile; fileRef = F7F94971A016DCC399A4F6F5 /* Pods_Mixer.framework */; };
/* End PBXBuildFile section */

/* Begin PBXFileReference section */
		0FC6072C5815BC32314DE797 /* Pods-Mixer.release.xcconfig */ = {isa = PBXFileReference; includeInIndex = 1; lastKnownFileType = text.xcconfig; name = "Pods-Mixer.release.xcconfig"; path = "Pods/Target Support Files/Pods-Mixer/Pods-Mixer.release.xcconfig"; sourceTree = "<group>"; };
		2B9B905722AD6D270027874A /* Mixer.app */ = {isa = PBXFileReference; explicitFileType = wrapper.application; includeInIndex = 0; path = Mixer.app; sourceTree = BUILT_PRODUCTS_DIR; };
		2B9B905A22AD6D270027874A /* AppDelegate.swift */ = {isa = PBXFileReference; lastKnownFileType = sourcecode.swift; path = AppDelegate.swift; sourceTree = "<group>"; };
		2B9B905C22AD6D270027874A /* ViewController.swift */ = {isa = PBXFileReference; lastKnownFileType = sourcecode.swift; path = ViewController.swift; sourceTree = "<group>"; };
		2B9B905F22AD6D270027874A /* Base */ = {isa = PBXFileReference; lastKnownFileType = file.storyboard; name = Base; path = Base.lproj/Main.storyboard; sourceTree = "<group>"; };
		2B9B906122AD6D290027874A /* Assets.xcassets */ = {isa = PBXFileReference; lastKnownFileType = folder.assetcatalog; path = Assets.xcassets; sourceTree = "<group>"; };
		2B9B906422AD6D290027874A /* Base */ = {isa = PBXFileReference; lastKnownFileType = file.storyboard; name = Base; path = Base.lproj/LaunchScreen.storyboard; sourceTree = "<group>"; };
		2B9B906622AD6D290027874A /* Info.plist */ = {isa = PBXFileReference; lastKnownFileType = text.plist.xml; path = Info.plist; sourceTree = "<group>"; };
		2B9B907322ADBF8F0027874A /* CustomSlider.swift */ = {isa = PBXFileReference; lastKnownFileType = sourcecode.swift; path = CustomSlider.swift; sourceTree = "<group>"; };
		2B9B911122AF2FF70027874A /* SongViewController.swift */ = {isa = PBXFileReference; lastKnownFileType = sourcecode.swift; path = SongViewController.swift; sourceTree = "<group>"; };
		2B9B911922AF41BB0027874A /* SongTableViewCell.swift */ = {isa = PBXFileReference; lastKnownFileType = sourcecode.swift; path = SongTableViewCell.swift; sourceTree = "<group>"; };
		2BE7A8AC22C847640032F1C0 /* AudioPlayer.swift */ = {isa = PBXFileReference; fileEncoding = 4; lastKnownFileType = sourcecode.swift; path = AudioPlayer.swift; sourceTree = "<group>"; };
		5BE5438C7240EA04DFD96A21 /* Pods-Mixer.debug.xcconfig */ = {isa = PBXFileReference; includeInIndex = 1; lastKnownFileType = text.xcconfig; name = "Pods-Mixer.debug.xcconfig"; path = "Pods/Target Support Files/Pods-Mixer/Pods-Mixer.debug.xcconfig"; sourceTree = "<group>"; };
		F7F94971A016DCC399A4F6F5 /* Pods_Mixer.framework */ = {isa = PBXFileReference; explicitFileType = wrapper.framework; includeInIndex = 0; path = Pods_Mixer.framework; sourceTree = BUILT_PRODUCTS_DIR; };
/* End PBXFileReference section */

/* Begin PBXFrameworksBuildPhase section */
		2B9B905422AD6D270027874A /* Frameworks */ = {
			isa = PBXFrameworksBuildPhase;
			buildActionMask = 2147483647;
			files = (
				50F2680C5CEB8408A7D4F836 /* Pods_Mixer.framework in Frameworks */,
			);
			runOnlyForDeploymentPostprocessing = 0;
		};
/* End PBXFrameworksBuildPhase section */

/* Begin PBXGroup section */
		2B9B904E22AD6D270027874A = {
			isa = PBXGroup;
			children = (
				2B9B905922AD6D270027874A /* Mixer */,
				2B9B905822AD6D270027874A /* Products */,
				A92F6DC5B04202CEE78A7AB4 /* Pods */,
				679BA1082A8AFD72792EAF1C /* Frameworks */,
			);
			sourceTree = "<group>";
		};
		2B9B905822AD6D270027874A /* Products */ = {
			isa = PBXGroup;
			children = (
				2B9B905722AD6D270027874A /* Mixer.app */,
			);
			name = Products;
			sourceTree = "<group>";
		};
		2B9B905922AD6D270027874A /* Mixer */ = {
			isa = PBXGroup;
			children = (
				2B9B905A22AD6D270027874A /* AppDelegate.swift */,
				2B9B907322ADBF8F0027874A /* CustomSlider.swift */,
				2BE7A8AC22C847640032F1C0 /* AudioPlayer.swift */,
				2B9B905C22AD6D270027874A /* ViewController.swift */,
				2B9B911122AF2FF70027874A /* SongViewController.swift */,
				2B9B911922AF41BB0027874A /* SongTableViewCell.swift */,
				2B9B905E22AD6D270027874A /* Main.storyboard */,
				2B9B906122AD6D290027874A /* Assets.xcassets */,
				2B9B906322AD6D290027874A /* LaunchScreen.storyboard */,
				2B9B906622AD6D290027874A /* Info.plist */,
			);
			path = Mixer;
			sourceTree = "<group>";
		};
		679BA1082A8AFD72792EAF1C /* Frameworks */ = {
			isa = PBXGroup;
			children = (
				F7F94971A016DCC399A4F6F5 /* Pods_Mixer.framework */,
			);
			name = Frameworks;
			sourceTree = "<group>";
		};
		A92F6DC5B04202CEE78A7AB4 /* Pods */ = {
			isa = PBXGroup;
			children = (
				5BE5438C7240EA04DFD96A21 /* Pods-Mixer.debug.xcconfig */,
				0FC6072C5815BC32314DE797 /* Pods-Mixer.release.xcconfig */,
			);
			name = Pods;
			sourceTree = "<group>";
		};
/* End PBXGroup section */

/* Begin PBXNativeTarget section */
		2B9B905622AD6D270027874A /* Mixer */ = {
			isa = PBXNativeTarget;
			buildConfigurationList = 2B9B906922AD6D290027874A /* Build configuration list for PBXNativeTarget "Mixer" */;
			buildPhases = (
				E8635E5716B466202F2C5FD8 /* [CP] Check Pods Manifest.lock */,
				2B9B905322AD6D270027874A /* Sources */,
				2B9B905422AD6D270027874A /* Frameworks */,
				2B9B905522AD6D270027874A /* Resources */,
				984789C4743A2F3538B88EAD /* [CP] Embed Pods Frameworks */,
			);
			buildRules = (
			);
			dependencies = (
			);
			name = Mixer;
			productName = Mixer;
			productReference = 2B9B905722AD6D270027874A /* Mixer.app */;
			productType = "com.apple.product-type.application";
		};
/* End PBXNativeTarget section */

/* Begin PBXProject section */
		2B9B904F22AD6D270027874A /* Project object */ = {
			isa = PBXProject;
			attributes = {
				LastSwiftUpdateCheck = 1020;
				LastUpgradeCheck = 1020;
				ORGANIZATIONNAME = Edward;
				TargetAttributes = {
					2B9B905622AD6D270027874A = {
						CreatedOnToolsVersion = 10.2.1;
						SystemCapabilities = {
							com.apple.BackgroundModes = {
								enabled = 1;
							};
						};
					};
				};
			};
			buildConfigurationList = 2B9B905222AD6D270027874A /* Build configuration list for PBXProject "Mixer" */;
			compatibilityVersion = "Xcode 9.3";
			developmentRegion = en;
			hasScannedForEncodings = 0;
			knownRegions = (
				en,
				Base,
			);
			mainGroup = 2B9B904E22AD6D270027874A;
			productRefGroup = 2B9B905822AD6D270027874A /* Products */;
			projectDirPath = "";
			projectRoot = "";
			targets = (
				2B9B905622AD6D270027874A /* Mixer */,
			);
		};
/* End PBXProject section */

/* Begin PBXResourcesBuildPhase section */
		2B9B905522AD6D270027874A /* Resources */ = {
			isa = PBXResourcesBuildPhase;
			buildActionMask = 2147483647;
			files = (
				2B9B906522AD6D290027874A /* LaunchScreen.storyboard in Resources */,
				2B9B906222AD6D290027874A /* Assets.xcassets in Resources */,
				2B9B906022AD6D270027874A /* Main.storyboard in Resources */,
			);
			runOnlyForDeploymentPostprocessing = 0;
		};
/* End PBXResourcesBuildPhase section */

/* Begin PBXShellScriptBuildPhase section */
		984789C4743A2F3538B88EAD /* [CP] Embed Pods Frameworks */ = {
			isa = PBXShellScriptBuildPhase;
			buildActionMask = 2147483647;
			files = (
			);
			inputFileListPaths = (
			);
			inputPaths = (
				"${SRCROOT}/Pods/Target Support Files/Pods-Mixer/Pods-Mixer-frameworks.sh",
				"${BUILT_PRODUCTS_DIR}/Alamofire/Alamofire.framework",
			);
			name = "[CP] Embed Pods Frameworks";
			outputFileListPaths = (
			);
			outputPaths = (
				"${TARGET_BUILD_DIR}/${FRAMEWORKS_FOLDER_PATH}/Alamofire.framework",
			);
			runOnlyForDeploymentPostprocessing = 0;
			shellPath = /bin/sh;
			shellScript = "\"${SRCROOT}/Pods/Target Support Files/Pods-Mixer/Pods-Mixer-frameworks.sh\"\n";
			showEnvVarsInLog = 0;
		};
		E8635E5716B466202F2C5FD8 /* [CP] Check Pods Manifest.lock */ = {
			isa = PBXShellScriptBuildPhase;
			buildActionMask = 2147483647;
			files = (
			);
			inputFileListPaths = (
			);
			inputPaths = (
				"${PODS_PODFILE_DIR_PATH}/Podfile.lock",
				"${PODS_ROOT}/Manifest.lock",
			);
			name = "[CP] Check Pods Manifest.lock";
			outputFileListPaths = (
			);
			outputPaths = (
				"$(DERIVED_FILE_DIR)/Pods-Mixer-checkManifestLockResult.txt",
			);
			runOnlyForDeploymentPostprocessing = 0;
			shellPath = /bin/sh;
			shellScript = "diff \"${PODS_PODFILE_DIR_PATH}/Podfile.lock\" \"${PODS_ROOT}/Manifest.lock\" > /dev/null\nif [ $? != 0 ] ; then\n    # print error to STDERR\n    echo \"error: The sandbox is not in sync with the Podfile.lock. Run 'pod install' or update your CocoaPods installation.\" >&2\n    exit 1\nfi\n# This output is used by Xcode 'outputs' to avoid re-running this script phase.\necho \"SUCCESS\" > \"${SCRIPT_OUTPUT_FILE_0}\"\n";
			showEnvVarsInLog = 0;
		};
/* End PBXShellScriptBuildPhase section */

/* Begin PBXSourcesBuildPhase section */
		2B9B905322AD6D270027874A /* Sources */ = {
			isa = PBXSourcesBuildPhase;
			buildActionMask = 2147483647;
			files = (
				2B9B905D22AD6D270027874A /* ViewController.swift in Sources */,
				2B9B911222AF2FF70027874A /* SongViewController.swift in Sources */,
				2B9B911A22AF41BB0027874A /* SongTableViewCell.swift in Sources */,
				2B9B907422ADBF8F0027874A /* CustomSlider.swift in Sources */,
				2B9B905B22AD6D270027874A /* AppDelegate.swift in Sources */,
				2BE7A8AD22C847640032F1C0 /* AudioPlayer.swift in Sources */,
			);
			runOnlyForDeploymentPostprocessing = 0;
		};
/* End PBXSourcesBuildPhase section */

/* Begin PBXVariantGroup section */
		2B9B905E22AD6D270027874A /* Main.storyboard */ = {
			isa = PBXVariantGroup;
			children = (
				2B9B905F22AD6D270027874A /* Base */,
			);
			name = Main.storyboard;
			sourceTree = "<group>";
		};
		2B9B906322AD6D290027874A /* LaunchScreen.storyboard */ = {
			isa = PBXVariantGroup;
			children = (
				2B9B906422AD6D290027874A /* Base */,
			);
			name = LaunchScreen.storyboard;
			sourceTree = "<group>";
		};
/* End PBXVariantGroup section */

/* Begin XCBuildConfiguration section */
		2B9B906722AD6D290027874A /* Debug */ = {
			isa = XCBuildConfiguration;
			buildSettings = {
				ALWAYS_SEARCH_USER_PATHS = NO;
				CLANG_ANALYZER_NONNULL = YES;
				CLANG_ANALYZER_NUMBER_OBJECT_CONVERSION = YES_AGGRESSIVE;
				CLANG_CXX_LANGUAGE_STANDARD = "gnu++14";
				CLANG_CXX_LIBRARY = "libc++";
				CLANG_ENABLE_MODULES = YES;
				CLANG_ENABLE_OBJC_ARC = YES;
				CLANG_ENABLE_OBJC_WEAK = YES;
				CLANG_WARN_BLOCK_CAPTURE_AUTORELEASING = YES;
				CLANG_WARN_BOOL_CONVERSION = YES;
				CLANG_WARN_COMMA = YES;
				CLANG_WARN_CONSTANT_CONVERSION = YES;
				CLANG_WARN_DEPRECATED_OBJC_IMPLEMENTATIONS = YES;
				CLANG_WARN_DIRECT_OBJC_ISA_USAGE = YES_ERROR;
				CLANG_WARN_DOCUMENTATION_COMMENTS = YES;
				CLANG_WARN_EMPTY_BODY = YES;
				CLANG_WARN_ENUM_CONVERSION = YES;
				CLANG_WARN_INFINITE_RECURSION = YES;
				CLANG_WARN_INT_CONVERSION = YES;
				CLANG_WARN_NON_LITERAL_NULL_CONVERSION = YES;
				CLANG_WARN_OBJC_IMPLICIT_RETAIN_SELF = YES;
				CLANG_WARN_OBJC_LITERAL_CONVERSION = YES;
				CLANG_WARN_OBJC_ROOT_CLASS = YES_ERROR;
				CLANG_WARN_RANGE_LOOP_ANALYSIS = YES;
				CLANG_WARN_STRICT_PROTOTYPES = YES;
				CLANG_WARN_SUSPICIOUS_MOVE = YES;
				CLANG_WARN_UNGUARDED_AVAILABILITY = YES_AGGRESSIVE;
				CLANG_WARN_UNREACHABLE_CODE = YES;
				CLANG_WARN__DUPLICATE_METHOD_MATCH = YES;
				CODE_SIGN_IDENTITY = "iPhone Developer";
				COPY_PHASE_STRIP = NO;
				DEBUG_INFORMATION_FORMAT = dwarf;
				ENABLE_STRICT_OBJC_MSGSEND = YES;
				ENABLE_TESTABILITY = YES;
				GCC_C_LANGUAGE_STANDARD = gnu11;
				GCC_DYNAMIC_NO_PIC = NO;
				GCC_NO_COMMON_BLOCKS = YES;
				GCC_OPTIMIZATION_LEVEL = 0;
				GCC_PREPROCESSOR_DEFINITIONS = (
					"DEBUG=1",
					"$(inherited)",
				);
				GCC_WARN_64_TO_32_BIT_CONVERSION = YES;
				GCC_WARN_ABOUT_RETURN_TYPE = YES_ERROR;
				GCC_WARN_UNDECLARED_SELECTOR = YES;
				GCC_WARN_UNINITIALIZED_AUTOS = YES_AGGRESSIVE;
				GCC_WARN_UNUSED_FUNCTION = YES;
				GCC_WARN_UNUSED_VARIABLE = YES;
				IPHONEOS_DEPLOYMENT_TARGET = 12.2;
				MTL_ENABLE_DEBUG_INFO = INCLUDE_SOURCE;
				MTL_FAST_MATH = YES;
				ONLY_ACTIVE_ARCH = YES;
				SDKROOT = iphoneos;
				SWIFT_ACTIVE_COMPILATION_CONDITIONS = DEBUG;
				SWIFT_OPTIMIZATION_LEVEL = "-Onone";
			};
			name = Debug;
		};
		2B9B906822AD6D290027874A /* Release */ = {
			isa = XCBuildConfiguration;
			buildSettings = {
				ALWAYS_SEARCH_USER_PATHS = NO;
				CLANG_ANALYZER_NONNULL = YES;
				CLANG_ANALYZER_NUMBER_OBJECT_CONVERSION = YES_AGGRESSIVE;
				CLANG_CXX_LANGUAGE_STANDARD = "gnu++14";
				CLANG_CXX_LIBRARY = "libc++";
				CLANG_ENABLE_MODULES = YES;
				CLANG_ENABLE_OBJC_ARC = YES;
				CLANG_ENABLE_OBJC_WEAK = YES;
				CLANG_WARN_BLOCK_CAPTURE_AUTORELEASING = YES;
				CLANG_WARN_BOOL_CONVERSION = YES;
				CLANG_WARN_COMMA = YES;
				CLANG_WARN_CONSTANT_CONVERSION = YES;
				CLANG_WARN_DEPRECATED_OBJC_IMPLEMENTATIONS = YES;
				CLANG_WARN_DIRECT_OBJC_ISA_USAGE = YES_ERROR;
				CLANG_WARN_DOCUMENTATION_COMMENTS = YES;
				CLANG_WARN_EMPTY_BODY = YES;
				CLANG_WARN_ENUM_CONVERSION = YES;
				CLANG_WARN_INFINITE_RECURSION = YES;
				CLANG_WARN_INT_CONVERSION = YES;
				CLANG_WARN_NON_LITERAL_NULL_CONVERSION = YES;
				CLANG_WARN_OBJC_IMPLICIT_RETAIN_SELF = YES;
				CLANG_WARN_OBJC_LITERAL_CONVERSION = YES;
				CLANG_WARN_OBJC_ROOT_CLASS = YES_ERROR;
				CLANG_WARN_RANGE_LOOP_ANALYSIS = YES;
				CLANG_WARN_STRICT_PROTOTYPES = YES;
				CLANG_WARN_SUSPICIOUS_MOVE = YES;
				CLANG_WARN_UNGUARDED_AVAILABILITY = YES_AGGRESSIVE;
				CLANG_WARN_UNREACHABLE_CODE = YES;
				CLANG_WARN__DUPLICATE_METHOD_MATCH = YES;
				CODE_SIGN_IDENTITY = "iPhone Developer";
				COPY_PHASE_STRIP = NO;
				DEBUG_INFORMATION_FORMAT = "dwarf-with-dsym";
				ENABLE_NS_ASSERTIONS = NO;
				ENABLE_STRICT_OBJC_MSGSEND = YES;
				GCC_C_LANGUAGE_STANDARD = gnu11;
				GCC_NO_COMMON_BLOCKS = YES;
				GCC_WARN_64_TO_32_BIT_CONVERSION = YES;
				GCC_WARN_ABOUT_RETURN_TYPE = YES_ERROR;
				GCC_WARN_UNDECLARED_SELECTOR = YES;
				GCC_WARN_UNINITIALIZED_AUTOS = YES_AGGRESSIVE;
				GCC_WARN_UNUSED_FUNCTION = YES;
				GCC_WARN_UNUSED_VARIABLE = YES;
				IPHONEOS_DEPLOYMENT_TARGET = 12.2;
				MTL_ENABLE_DEBUG_INFO = NO;
				MTL_FAST_MATH = YES;
				SDKROOT = iphoneos;
				SWIFT_COMPILATION_MODE = wholemodule;
				SWIFT_OPTIMIZATION_LEVEL = "-O";
				VALIDATE_PRODUCT = YES;
			};
			name = Release;
		};
		2B9B906A22AD6D290027874A /* Debug */ = {
			isa = XCBuildConfiguration;
			baseConfigurationReference = 5BE5438C7240EA04DFD96A21 /* Pods-Mixer.debug.xcconfig */;
			buildSettings = {
				ASSETCATALOG_COMPILER_APPICON_NAME = AppIcon;
				CODE_SIGN_STYLE = Automatic;
				DEVELOPMENT_TEAM = GMKG2KPAM7;
				INFOPLIST_FILE = Mixer/Info.plist;
				IPHONEOS_DEPLOYMENT_TARGET = 12.0;
				LD_RUNPATH_SEARCH_PATHS = (
					"$(inherited)",
					"@executable_path/Frameworks",
				);
				PRODUCT_BUNDLE_IDENTIFIER = com.elu2.Mixer;
				PRODUCT_NAME = "$(TARGET_NAME)";
				SWIFT_VERSION = 5.0;
				TARGETED_DEVICE_FAMILY = "1,2";
			};
			name = Debug;
		};
		2B9B906B22AD6D290027874A /* Release */ = {
			isa = XCBuildConfiguration;
			baseConfigurationReference = 0FC6072C5815BC32314DE797 /* Pods-Mixer.release.xcconfig */;
			buildSettings = {
				ASSETCATALOG_COMPILER_APPICON_NAME = AppIcon;
				CODE_SIGN_STYLE = Automatic;
				DEVELOPMENT_TEAM = GMKG2KPAM7;
				INFOPLIST_FILE = Mixer/Info.plist;
				IPHONEOS_DEPLOYMENT_TARGET = 12.0;
				LD_RUNPATH_SEARCH_PATHS = (
					"$(inherited)",
					"@executable_path/Frameworks",
				);
				PRODUCT_BUNDLE_IDENTIFIER = com.elu2.Mixer;
				PRODUCT_NAME = "$(TARGET_NAME)";
				SWIFT_VERSION = 5.0;
				TARGETED_DEVICE_FAMILY = "1,2";
			};
			name = Release;
		};
/* End XCBuildConfiguration section */

/* Begin XCConfigurationList section */
		2B9B905222AD6D270027874A /* Build configuration list for PBXProject "Mixer" */ = {
			isa = XCConfigurationList;
			buildConfigurations = (
				2B9B906722AD6D290027874A /* Debug */,
				2B9B906822AD6D290027874A /* Release */,
			);
			defaultConfigurationIsVisible = 0;
			defaultConfigurationName = Release;
		};
		2B9B906922AD6D290027874A /* Build configuration list for PBXNativeTarget "Mixer" */ = {
			isa = XCConfigurationList;
			buildConfigurations = (
				2B9B906A22AD6D290027874A /* Debug */,
				2B9B906B22AD6D290027874A /* Release */,
			);
			defaultConfigurationIsVisible = 0;
			defaultConfigurationName = Release;
		};
/* End XCConfigurationList section */
	};
	rootObject = 2B9B904F22AD6D270027874A /* Project object */;
}
